
Microsoft Visual Studio Solution File, Format Version 11.00
# Visual Studio 2010
Project("{FAE04EC0-301F-11D3-BF4B-00C04F79EFBC}") = "WPF MControls", "WPF MControls.csproj", "{6EEB54B7-DD37-452D-BEB2-077BE6E0F8A2}"
EndProject
Project("{FAE04EC0-301F-11D3-BF4B-00C04F79EFBC}") = "WPF Playlist Sample", "..\WPF Playlist Sample\WPF Playlist Sample.csproj", "{870A3927-731C-4E56-BB41-3AEE3FE22991}"
EndProject
Project("{FAE04EC0-301F-11D3-BF4B-00C04F79EFBC}") = "CGEditor", "CGEditor\CGEditor\CGEditor.csproj", "{AA3B2621-9F33-41B7-A966-D11450F185A1}"
EndProject
Global
	GlobalSection(SolutionConfigurationPlatforms) = preSolution
		Debug|x64 = Debug|x64
		Debug|x86 = Debug|x86
		Release|x64 = Release|x64
		Release|x86 = Release|x86
	EndGlobalSection
	GlobalSection(ProjectConfigurationPlatforms) = postSolution
		{6EEB54B7-DD37-452D-BEB2-077BE6E0F8A2}.Debug|x64.ActiveCfg = Debug|x64
		{6EEB54B7-DD37-452D-BEB2-077BE6E0F8A2}.Debug|x64.Build.0 = Debug|x64
		{6EEB54B7-DD37-452D-BEB2-077BE6E0F8A2}.Debug|x86.ActiveCfg = Debug|x86
		{6EEB54B7-DD37-452D-BEB2-077BE6E0F8A2}.Debug|x86.Build.0 = Debug|x86
		{6EEB54B7-DD37-452D-BEB2-077BE6E0F8A2}.Release|x64.ActiveCfg = Release|x64
		{6EEB54B7-DD37-452D-BEB2-077BE6E0F8A2}.Release|x64.Build.0 = Release|x64
		{6EEB54B7-DD37-452D-BEB2-077BE6E0F8A2}.Release|x86.ActiveCfg = Release|x86
		{6EEB54B7-DD37-452D-BEB2-077BE6E0F8A2}.Release|x86.Build.0 = Release|x86
		{870A3927-731C-4E56-BB41-3AEE3FE22991}.Debug|x64.ActiveCfg = Debug|x64
		{870A3927-731C-4E56-BB41-3AEE3FE22991}.Debug|x64.Build.0 = Debug|x64
		{870A3927-731C-4E56-BB41-3AEE3FE22991}.Debug|x86.ActiveCfg = Debug|x86
		{870A3927-731C-4E56-BB41-3AEE3FE22991}.Debug|x86.Build.0 = Debug|x86
		{870A3927-731C-4E56-BB41-3AEE3FE22991}.Release|x64.ActiveCfg = Release|x64
		{870A3927-731C-4E56-BB41-3AEE3FE22991}.Release|x64.Build.0 = Release|x64
		{870A3927-731C-4E56-BB41-3AEE3FE22991}.Release|x86.ActiveCfg = Release|x86
		{870A3927-731C-4E56-BB41-3AEE3FE22991}.Release|x86.Build.0 = Release|x86
		{AA3B2621-9F33-41B7-A966-D11450F185A1}.Debug|x64.ActiveCfg = Debug|x64
		{AA3B2621-9F33-41B7-A966-D11450F185A1}.Debug|x64.Build.0 = Debug|x64
		{AA3B2621-9F33-41B7-A966-D11450F185A1}.Debug|x86.ActiveCfg = Debug|x86
		{AA3B2621-9F33-41B7-A966-D11450F185A1}.Debug|x86.Build.0 = Debug|x86
		{AA3B2621-9F33-41B7-A966-D11450F185A1}.Release|x64.ActiveCfg = Release|x64
		{AA3B2621-9F33-41B7-A966-D11450F185A1}.Release|x64.Build.0 = Release|x64
		{AA3B2621-9F33-41B7-A966-D11450F185A1}.Release|x86.ActiveCfg = Release|x86
		{AA3B2621-9F33-41B7-A966-D11450F185A1}.Release|x86.Build.0 = Release|x86
	EndGlobalSection
	GlobalSection(SolutionProperties) = preSolution
		HideSolutionNode = FALSE
	EndGlobalSection
EndGlobal
